PODS:
  - IQDropDownTextField (2.0)

DEPENDENCIES:
  - IQDropDownTextField (from `.`)

EXTERNAL SOURCES:
  IQDropDownTextField:
    :path: "."

SPEC CHECKSUMS:
  IQDropDownTextField: 79293d19042b6f2ee6f02decf4a0e68e59e4f327

PODFILE CHECKSUM: 6fa45e8b2a2f22db28d009d8ffb6a4ce95e87884

COCOAPODS: 1.8.4
